// !$*UTF8*$!
{
	archiveVersion = 1;
	classes = {
	};
	objectVersion = 50;
	objects = {

/* Begin PBXBuildFile section */
		A01B7BDA26A19CD0000BDD20 /* AppDelegate.swift in Sources */ = {isa = PBXBuildFile; fileRef = A01B7BD926A19CD0000BDD20 /* AppDelegate.swift */; };
		A01B7BDC26A19CD0000BDD20 /* SceneDelegate.swift in Sources */ = {isa = PBXBuildFile; fileRef = A01B7BDB26A19CD0000BDD20 /* SceneDelegate.swift */; };
		A01B7BDE26A19CD0000BDD20 /* ViewController.swift in Sources */ = {isa = PBXBuildFile; fileRef = A01B7BDD26A19CD0000BDD20 /* ViewController.swift */; };
		A01B7BE126A19CD0000BDD20 /* Main.storyboard in Resources */ = {isa = PBXBuildFile; fileRef = A01B7BDF26A19CD0000BDD20 /* Main.storyboard */; };
		A01B7BE326A19CD2000BDD20 /* Assets.xcassets in Resources */ = {isa = PBXBuildFile; fileRef = A01B7BE226A19CD2000BDD20 /* Assets.xcassets */; };
		A01B7BE626A19CD2000BDD20 /* LaunchScreen.storyboard in Resources */ = {isa = PBXBuildFile; fileRef = A01B7BE426A19CD2000BDD20 /* LaunchScreen.storyboard */; };
		A0F1647626A1A67500F6F99E /* eric1.jpg in Resources */ = {isa = PBXBuildFile; fileRef = A0F1647426A1A67500F6F99E /* eric1.jpg */; };
		A0F1647726A1A67500F6F99E /* eric2.png in Resources */ = {isa = PBXBuildFile; fileRef = A0F1647526A1A67500F6F99E /* eric2.png */; };
		A0F1647A26A1B0AE00F6F99E /* ViewControllerImage.swift in Sources */ = {isa = PBXBuildFile; fileRef = A0F1647926A1B0AE00F6F99E /* ViewControllerImage.swift */; };
/* End PBXBuildFile section */

/* Begin PBXFileReference section */
		A01B7BD626A19CD0000BDD20 /* markBooks.app */ = {isa = PBXFileReference; explicitFileType = wrapper.application; includeInIndex = 0; path = markBooks.app; sourceTree = BUILT_PRODUCTS_DIR; };
		A01B7BD926A19CD0000BDD20 /* AppDelegate.swift */ = {isa = PBXFileReference; lastKnownFileType = sourcecode.swift; path = AppDelegate.swift; sourceTree = "<group>"; };
		A01B7BDB26A19CD0000BDD20 /* SceneDelegate.swift */ = {isa = PBXFileReference; lastKnownFileType = sourcecode.swift; path = SceneDelegate.swift; sourceTree = "<group>"; };
		A01B7BDD26A19CD0000BDD20 /* ViewController.swift */ = {isa = PBXFileReference; lastKnownFileType = sourcecode.swift; path = ViewController.swift; sourceTree = "<group>"; };
		A01B7BE026A19CD0000BDD20 /* Base */ = {isa = PBXFileReference; lastKnownFileType = file.storyboard; name = Base; path = Base.lproj/Main.storyboard; sourceTree = "<group>"; };
		A01B7BE226A19CD2000BDD20 /* Assets.xcassets */ = {isa = PBXFileReference; lastKnownFileType = folder.assetcatalog; path = Assets.xcassets; sourceTree = "<group>"; };
		A01B7BE526A19CD2000BDD20 /* Base */ = {isa = PBXFileReference; lastKnownFileType = file.storyboard; name = Base; path = Base.lproj/LaunchScreen.storyboard; sourceTree = "<group>"; };
		A01B7BE726A19CD2000BDD20 /* Info.plist */ = {isa = PBXFileReference; lastKnownFileType = text.plist.xml; path = Info.plist; sourceTree = "<group>"; };
		A0F1647426A1A67500F6F99E /* eric1.jpg */ = {isa = PBXFileReference; lastKnownFileType = image.jpeg; path = eric1.jpg; sourceTree = "<group>"; };
		A0F1647526A1A67500F6F99E /* eric2.png */ = {isa = PBXFileReference; lastKnownFileType = image.png; path = eric2.png; sourceTree = "<group>"; };
		A0F1647926A1B0AE00F6F99E /* ViewControllerImage.swift */ = {isa = PBXFileReference; lastKnownFileType = sourcecode.swift; path = ViewControllerImage.swift; sourceTree = "<group>"; };
/* End PBXFileReference section */

/* Begin PBXFrameworksBuildPhase section */
		A01B7BD326A19CD0000BDD20 /* Frameworks */ = {
			isa = PBXFrameworksBuildPhase;
			buildActionMask = 2147483647;
			files = (
			);
			runOnlyForDeploymentPostprocessing = 0;
		};
/* End PBXFrameworksBuildPhase section */

/* Begin PBXGroup section */
		A01B7BCD26A19CD0000BDD20 = {
			isa = PBXGroup;
			children = (
				A01B7BD826A19CD0000BDD20 /* markBooks */,
				A01B7BD726A19CD0000BDD20 /* Products */,
			);
			sourceTree = "<group>";
		};
		A01B7BD726A19CD0000BDD20 /* Products */ = {
			isa = PBXGroup;
			children = (
				A01B7BD626A19CD0000BDD20 /* markBooks.app */,
			);
			name = Products;
			sourceTree = "<group>";
		};
		A01B7BD826A19CD0000BDD20 /* markBooks */ = {
			isa = PBXGroup;
			children = (
				A01B7BD926A19CD0000BDD20 /* AppDelegate.swift */,
				A01B7BDB26A19CD0000BDD20 /* SceneDelegate.swift */,
				A01B7BDD26A19CD0000BDD20 /* ViewController.swift */,
				A01B7BDF26A19CD0000BDD20 /* Main.storyboard */,
				A0F1647426A1A67500F6F99E /* eric1.jpg */,
				A0F1647526A1A67500F6F99E /* eric2.png */,
				A01B7BE226A19CD2000BDD20 /* Assets.xcassets */,
				A01B7BE426A19CD2000BDD20 /* LaunchScreen.storyboard */,
				A01B7BE726A19CD2000BDD20 /* Info.plist */,
				A0F1647926A1B0AE00F6F99E /* ViewControllerImage.swift */,
			);
			path = markBooks;
			sourceTree = "<group>";
		};
/* End PBXGroup section */

/* Begin PBXNativeTarget section */
		A01B7BD526A19CD0000BDD20 /* markBooks */ = {
			isa = PBXNativeTarget;
			buildConfigurationList = A01B7BEA26A19CD2000BDD20 /* Build configuration list for PBXNativeTarget "markBooks" */;
			buildPhases = (
				A01B7BD226A19CD0000BDD20 /* Sources */,
				A01B7BD326A19CD0000BDD20 /* Frameworks */,
				A01B7BD426A19CD0000BDD20 /* Resources */,
			);
			buildRules = (
			);
			dependencies = (
			);
			name = markBooks;
			productName = markBooks;
			productReference = A01B7BD626A19CD0000BDD20 /* markBooks.app */;
			productType = "com.apple.product-type.application";
		};
/* End PBXNativeTarget section */

/* Begin PBXProject section */
		A01B7BCE26A19CD0000BDD20 /* Project object */ = {
			isa = PBXProject;
			attributes = {
				LastSwiftUpdateCheck = 1220;
				LastUpgradeCheck = 1220;
				TargetAttributes = {
					A01B7BD526A19CD0000BDD20 = {
						CreatedOnToolsVersion = 12.2;
					};
				};
			};
			buildConfigurationList = A01B7BD126A19CD0000BDD20 /* Build configuration list for PBXProject "markBooks" */;
			compatibilityVersion = "Xcode 9.3";
			developmentRegion = en;
			hasScannedForEncodings = 0;
			knownRegions = (
				en,
				Base,
			);
			mainGroup = A01B7BCD26A19CD0000BDD20;
			productRefGroup = A01B7BD726A19CD0000BDD20 /* Products */;
			projectDirPath = "";
			projectRoot = "";
			targets = (
				A01B7BD526A19CD0000BDD20 /* markBooks */,
			);
		};
/* End PBXProject section */

/* Begin PBXResourcesBuildPhase section */
		A01B7BD426A19CD0000BDD20 /* Resources */ = {
			isa = PBXResourcesBuildPhase;
			buildActionMask = 2147483647;
			files = (
				A0F1647626A1A67500F6F99E /* eric1.jpg in Resources */,
				A01B7BE626A19CD2000BDD20 /* LaunchScreen.storyboard in Resources */,
				A01B7BE326A19CD2000BDD20 /* Assets.xcassets in Resources */,
				A01B7BE126A19CD0000BDD20 /* Main.storyboard in Resources */,
				A0F1647726A1A67500F6F99E /* eric2.png in Resources */,
			);
			runOnlyForDeploymentPostprocessing = 0;
		};
/* End PBXResourcesBuildPhase section */

/* Begin PBXSourcesBuildPhase section */
		A01B7BD226A19CD0000BDD20 /* Sources */ = {
			isa = PBXSourcesBuildPhase;
			buildActionMask = 2147483647;
			files = (
				A01B7BDE26A19CD0000BDD20 /* ViewController.swift in Sources */,
				A01B7BDA26A19CD0000BDD20 /* AppDelegate.swift in Sources */,
				A0F1647A26A1B0AE00F6F99E /* ViewControllerImage.swift in Sources */,
				A01B7BDC26A19CD0000BDD20 /* SceneDelegate.swift in Sources */,
			);
			runOnlyForDeploymentPostprocessing = 0;
		};
/* End PBXSourcesBuildPhase section */

/* Begin PBXVariantGroup section */
		A01B7BDF26A19CD0000BDD20 /* Main.storyboard */ = {
			isa = PBXVariantGroup;
			children = (
				A01B7BE026A19CD0000BDD20 /* Base */,
			);
			name = Main.storyboard;
			sourceTree = "<group>";
		};
		A01B7BE426A19CD2000BDD20 /* LaunchScreen.storyboard */ = {
			isa = PBXVariantGroup;
			children = (
				A01B7BE526A19CD2000BDD20 /* Base */,
			);
			name = LaunchScreen.storyboard;
			sourceTree = "<group>";
		};
/* End PBXVariantGroup section */

/* Begin XCBuildConfiguration section */
		A01B7BE826A19CD2000BDD20 /* Debug */ = {
			isa = XCBuildConfiguration;
			buildSettings = {
				ALWAYS_SEARCH_USER_PATHS = NO;
				CLANG_ANALYZER_NONNULL = YES;
				CLANG_ANALYZER_NUMBER_OBJECT_CONVERSION = YES_AGGRESSIVE;
				CLANG_CXX_LANGUAGE_STANDARD = "gnu++14";
				CLANG_CXX_LIBRARY = "libc++";
				CLANG_ENABLE_MODULES = YES;
				CLANG_ENABLE_OBJC_ARC = YES;
				CLANG_ENABLE_OBJC_WEAK = YES;
				CLANG_WARN_BLOCK_CAPTURE_AUTORELEASING = YES;
				CLANG_WARN_BOOL_CONVERSION = YES;
				CLANG_WARN_COMMA = YES;
				CLANG_WARN_CONSTANT_CONVERSION = YES;
				CLANG_WARN_DEPRECATED_OBJC_IMPLEMENTATIONS = YES;
				CLANG_WARN_DIRECT_OBJC_ISA_USAGE = YES_ERROR;
				CLANG_WARN_DOCUMENTATION_COMMENTS = YES;
				CLANG_WARN_EMPTY_BODY = YES;
				CLANG_WARN_ENUM_CONVERSION = YES;
				CLANG_WARN_INFINITE_RECURSION = YES;
				CLANG_WARN_INT_CONVERSION = YES;
				CLANG_WARN_NON_LITERAL_NULL_CONVERSION = YES;
				CLANG_WARN_OBJC_IMPLICIT_RETAIN_SELF = YES;
				CLANG_WARN_OBJC_LITERAL_CONVERSION = YES;
				CLANG_WARN_OBJC_ROOT_CLASS = YES_ERROR;
				CLANG_WARN_QUOTED_INCLUDE_IN_FRAMEWORK_HEADER = YES;
				CLANG_WARN_RANGE_LOOP_ANALYSIS = YES;
				CLANG_WARN_STRICT_PROTOTYPES = YES;
				CLANG_WARN_SUSPICIOUS_MOVE = YES;
				CLANG_WARN_UNGUARDED_AVAILABILITY = YES_AGGRESSIVE;
				CLANG_WARN_UNREACHABLE_CODE = YES;
				CLANG_WARN__DUPLICATE_METHOD_MATCH = YES;
				COPY_PHASE_STRIP = NO;
				DEBUG_INFORMATION_FORMAT = dwarf;
				ENABLE_STRICT_OBJC_MSGSEND = YES;
				ENABLE_TESTABILITY = YES;
				GCC_C_LANGUAGE_STANDARD = gnu11;
				GCC_DYNAMIC_NO_PIC = NO;
				GCC_NO_COMMON_BLOCKS = YES;
				GCC_OPTIMIZATION_LEVEL = 0;
				GCC_PREPROCESSOR_DEFINITIONS = (
					"DEBUG=1",
					"$(inherited)",
				);
				GCC_WARN_64_TO_32_BIT_CONVERSION = YES;
				GCC_WARN_ABOUT_RETURN_TYPE = YES_ERROR;
				GCC_WARN_UNDECLARED_SELECTOR = YES;
				GCC_WARN_UNINITIALIZED_AUTOS = YES_AGGRESSIVE;
				GCC_WARN_UNUSED_FUNCTION = YES;
				GCC_WARN_UNUSED_VARIABLE = YES;
				IPHONEOS_DEPLOYMENT_TARGET = 14.2;
				MTL_ENABLE_DEBUG_INFO = INCLUDE_SOURCE;
				MTL_FAST_MATH = YES;
				ONLY_ACTIVE_ARCH = YES;
				SDKROOT = iphoneos;
				SWIFT_ACTIVE_COMPILATION_CONDITIONS = DEBUG;
				SWIFT_OPTIMIZATION_LEVEL = "-Onone";
			};
			name = Debug;
		};
		A01B7BE926A19CD2000BDD20 /* Release */ = {
			isa = XCBuildConfiguration;
			buildSettings = {
				ALWAYS_SEARCH_USER_PATHS = NO;
				CLANG_ANALYZER_NONNULL = YES;
				CLANG_ANALYZER_NUMBER_OBJECT_CONVERSION = YES_AGGRESSIVE;
				CLANG_CXX_LANGUAGE_STANDARD = "gnu++14";
				CLANG_CXX_LIBRARY = "libc++";
				CLANG_ENABLE_MODULES = YES;
				CLANG_ENABLE_OBJC_ARC = YES;
				CLANG_ENABLE_OBJC_WEAK = YES;
				CLANG_WARN_BLOCK_CAPTURE_AUTORELEASING = YES;
				CLANG_WARN_BOOL_CONVERSION = YES;
				CLANG_WARN_COMMA = YES;
				CLANG_WARN_CONSTANT_CONVERSION = YES;
				CLANG_WARN_DEPRECATED_OBJC_IMPLEMENTATIONS = YES;
				CLANG_WARN_DIRECT_OBJC_ISA_USAGE = YES_ERROR;
				CLANG_WARN_DOCUMENTATION_COMMENTS = YES;
				CLANG_WARN_EMPTY_BODY = YES;
				CLANG_WARN_ENUM_CONVERSION = YES;
				CLANG_WARN_INFINITE_RECURSION = YES;
				CLANG_WARN_INT_CONVERSION = YES;
				CLANG_WARN_NON_LITERAL_NULL_CONVERSION = YES;
				CLANG_WARN_OBJC_IMPLICIT_RETAIN_SELF = YES;
				CLANG_WARN_OBJC_LITERAL_CONVERSION = YES;
				CLANG_WARN_OBJC_ROOT_CLASS = YES_ERROR;
				CLANG_WARN_QUOTED_INCLUDE_IN_FRAMEWORK_HEADER = YES;
				CLANG_WARN_RANGE_LOOP_ANALYSIS = YES;
				CLANG_WARN_STRICT_PROTOTYPES = YES;
				CLANG_WARN_SUSPICIOUS_MOVE = YES;
				CLANG_WARN_UNGUARDED_AVAILABILITY = YES_AGGRESSIVE;
				CLANG_WARN_UNREACHABLE_CODE = YES;
				CLANG_WARN__DUPLICATE_METHOD_MATCH = YES;
				COPY_PHASE_STRIP = NO;
				DEBUG_INFORMATION_FORMAT = "dwarf-with-dsym";
				ENABLE_NS_ASSERTIONS = NO;
				ENABLE_STRICT_OBJC_MSGSEND = YES;
				GCC_C_LANGUAGE_STANDARD = gnu11;
				GCC_NO_COMMON_BLOCKS = YES;
				GCC_WARN_64_TO_32_BIT_CONVERSION = YES;
				GCC_WARN_ABOUT_RETURN_TYPE = YES_ERROR;
				GCC_WARN_UNDECLARED_SELECTOR = YES;
				GCC_WARN_UNINITIALIZED_AUTOS = YES_AGGRESSIVE;
				GCC_WARN_UNUSED_FUNCTION = YES;
				GCC_WARN_UNUSED_VARIABLE = YES;
				IPHONEOS_DEPLOYMENT_TARGET = 14.2;
				MTL_ENABLE_DEBUG_INFO = NO;
				MTL_FAST_MATH = YES;
				SDKROOT = iphoneos;
				SWIFT_COMPILATION_MODE = wholemodule;
				SWIFT_OPTIMIZATION_LEVEL = "-O";
				VALIDATE_PRODUCT = YES;
			};
			name = Release;
		};
		A01B7BEB26A19CD2000BDD20 /* Debug */ = {
			isa = XCBuildConfiguration;
			buildSettings = {
				ASSETCATALOG_COMPILER_APPICON_NAME = AppIcon;
				ASSETCATALOG_COMPILER_GLOBAL_ACCENT_COLOR_NAME = AccentColor;
				CODE_SIGN_STYLE = Automatic;
				INFOPLIST_FILE = markBooks/Info.plist;
				LD_RUNPATH_SEARCH_PATHS = (
					"$(inherited)",
					"@executable_path/Frameworks",
				);
				PRODUCT_BUNDLE_IDENTIFIER = com.huseyinozdemir.markBooks;
				PRODUCT_NAME = "$(TARGET_NAME)";
				SWIFT_VERSION = 5.0;
				TARGETED_DEVICE_FAMILY = "1,2";
			};
			name = Debug;
		};
		A01B7BEC26A19CD2000BDD20 /* Release */ = {
			isa = XCBuildConfiguration;
			buildSettings = {
				ASSETCATALOG_COMPILER_APPICON_NAME = AppIcon;
				ASSETCATALOG_COMPILER_GLOBAL_ACCENT_COLOR_NAME = AccentColor;
				CODE_SIGN_STYLE = Automatic;
				INFOPLIST_FILE = markBooks/Info.plist;
				LD_RUNPATH_SEARCH_PATHS = (
					"$(inherited)",
					"@executable_path/Frameworks",
				);
				PRODUCT_BUNDLE_IDENTIFIER = com.huseyinozdemir.markBooks;
				PRODUCT_NAME = "$(TARGET_NAME)";
				SWIFT_VERSION = 5.0;
				TARGETED_DEVICE_FAMILY = "1,2";
			};
			name = Release;
		};
/* End XCBuildConfiguration section */

/* Begin XCConfigurationList section */
		A01B7BD126A19CD0000BDD20 /* Build configuration list for PBXProject "markBooks" */ = {
			isa = XCConfigurationList;
			buildConfigurations = (
				A01B7BE826A19CD2000BDD20 /* Debug */,
				A01B7BE926A19CD2000BDD20 /* Release */,
			);
			defaultConfigurationIsVisible = 0;
			defaultConfigurationName = Release;
		};
		A01B7BEA26A19CD2000BDD20 /* Build configuration list for PBXNativeTarget "markBooks" */ = {
			isa = XCConfigurationList;
			buildConfigurations = (
				A01B7BEB26A19CD2000BDD20 /* Debug */,
				A01B7BEC26A19CD2000BDD20 /* Release */,
			);
			defaultConfigurationIsVisible = 0;
			defaultConfigurationName = Release;
		};
/* End XCConfigurationList section */
	};
	rootObject = A01B7BCE26A19CD0000BDD20 /* Project object */;
}
